
Microsoft Visual Studio Solution File, Format Version 12.00
# Visual Studio Version 17
VisualStudioVersion = 17.14.36623.8 d17.14
MinimumVisualStudioVersion = 10.0.40219.1
Project("{FAE04EC0-301F-11D3-BF4B-00C04F79EFBC}") = "ExaminationSystem", "ExaminationSystem\ExaminationSystem.csproj", "{2DE99BF6-20D4-4518-9A90-707DE13409DC}"
EndProject
Global
	GlobalSection(SolutionConfigurationPlatforms) = preSolution
		Debug|Any CPU = Debug|Any CPU
		Release|Any CPU = Release|Any CPU
	EndGlobalSection
	GlobalSection(ProjectConfigurationPlatforms) = postSolution
		{2DE99BF6-20D4-4518-9A90-707DE13409DC}.Debug|Any CPU.ActiveCfg = Debug|Any CPU
		{2DE99BF6-20D4-4518-9A90-707DE13409DC}.Debug|Any CPU.Build.0 = Debug|Any CPU
		{2DE99BF6-20D4-4518-9A90-707DE13409DC}.Release|Any CPU.ActiveCfg = Release|Any CPU
		{2DE99BF6-20D4-4518-9A90-707DE13409DC}.Release|Any CPU.Build.0 = Release|Any CPU
	EndGlobalSection
	GlobalSection(SolutionProperties) = preSolution
		HideSolutionNode = FALSE
	EndGlobalSection
	GlobalSection(ExtensibilityGlobals) = postSolution
		SolutionGuid = {33844552-71BD-48F8-A620-796E6E7DE3E6}
	EndGlobalSection
EndGlobal
